// !$*UTF8*$!
{
	archiveVersion = 1;
	classes = {
	};
	objectVersion = 46;
	objects = {

/* Begin PBXBuildFile section */
		B64C3BE81CD0849100D91D98 /* GlitchLabel.swift in Sources */ = {isa = PBXBuildFile; fileRef = B64C3BE71CD0849100D91D98 /* GlitchLabel.swift */; };
		B67E4C5C1CC9C51500B04CDA /* AppDelegate.swift in Sources */ = {isa = PBXBuildFile; fileRef = B67E4C5B1CC9C51500B04CDA /* AppDelegate.swift */; };
		B67E4C5E1CC9C51500B04CDA /* ViewController.swift in Sources */ = {isa = PBXBuildFile; fileRef = B67E4C5D1CC9C51500B04CDA /* ViewController.swift */; };
		B67E4C611CC9C51500B04CDA /* Main.storyboard in Resources */ = {isa = PBXBuildFile; fileRef = B67E4C5F1CC9C51500B04CDA /* Main.storyboard */; };
		B67E4C631CC9C51500B04CDA /* Assets.xcassets in Resources */ = {isa = PBXBuildFile; fileRef = B67E4C621CC9C51500B04CDA /* Assets.xcassets */; };
		B67E4C661CC9C51500B04CDA /* LaunchScreen.storyboard in Resources */ = {isa = PBXBuildFile; fileRef = B67E4C641CC9C51500B04CDA /* LaunchScreen.storyboard */; };
/* End PBXBuildFile section */

/* Begin PBXFileReference section */
		B64C3BE71CD0849100D91D98 /* GlitchLabel.swift */ = {isa = PBXFileReference; fileEncoding = 4; lastKnownFileType = sourcecode.swift; name = GlitchLabel.swift; path = ../../Sources/GlitchLabel.swift; sourceTree = "<group>"; };
		B67E4C581CC9C51500B04CDA /* GlitchLabel.app */ = {isa = PBXFileReference; explicitFileType = wrapper.application; includeInIndex = 0; path = GlitchLabel.app; sourceTree = BUILT_PRODUCTS_DIR; };
		B67E4C5B1CC9C51500B04CDA /* AppDelegate.swift */ = {isa = PBXFileReference; lastKnownFileType = sourcecode.swift; path = AppDelegate.swift; sourceTree = "<group>"; };
		B67E4C5D1CC9C51500B04CDA /* ViewController.swift */ = {isa = PBXFileReference; lastKnownFileType = sourcecode.swift; path = ViewController.swift; sourceTree = "<group>"; };
		B67E4C601CC9C51500B04CDA /* Base */ = {isa = PBXFileReference; lastKnownFileType = file.storyboard; name = Base; path = Base.lproj/Main.storyboard; sourceTree = "<group>"; };
		B67E4C621CC9C51500B04CDA /* Assets.xcassets */ = {isa = PBXFileReference; lastKnownFileType = folder.assetcatalog; path = Assets.xcassets; sourceTree = "<group>"; };
		B67E4C651CC9C51500B04CDA /* Base */ = {isa = PBXFileReference; lastKnownFileType = file.storyboard; name = Base; path = Base.lproj/LaunchScreen.storyboard; sourceTree = "<group>"; };
		B67E4C671CC9C51500B04CDA /* Info.plist */ = {isa = PBXFileReference; lastKnownFileType = text.plist.xml; path = Info.plist; sourceTree = "<group>"; };
/* End PBXFileReference section */

/* Begin PBXFrameworksBuildPhase section */
		B67E4C551CC9C51500B04CDA /* Frameworks */ = {
			isa = PBXFrameworksBuildPhase;
			buildActionMask = 2147483647;
			files = (
			);
			runOnlyForDeploymentPostprocessing = 0;
		};
/* End PBXFrameworksBuildPhase section */

/* Begin PBXGroup section */
		B67E4C4F1CC9C51500B04CDA = {
			isa = PBXGroup;
			children = (
				B67E4C5A1CC9C51500B04CDA /* GlitchLabel */,
				B67E4C591CC9C51500B04CDA /* Products */,
			);
			sourceTree = "<group>";
		};
		B67E4C591CC9C51500B04CDA /* Products */ = {
			isa = PBXGroup;
			children = (
				B67E4C581CC9C51500B04CDA /* GlitchLabel.app */,
			);
			name = Products;
			sourceTree = "<group>";
		};
		B67E4C5A1CC9C51500B04CDA /* GlitchLabel */ = {
			isa = PBXGroup;
			children = (
				B67E4C6D1CC9C52F00B04CDA /* GlitchLabel */,
				B67E4C5B1CC9C51500B04CDA /* AppDelegate.swift */,
				B67E4C5D1CC9C51500B04CDA /* ViewController.swift */,
				B67E4C5F1CC9C51500B04CDA /* Main.storyboard */,
				B67E4C621CC9C51500B04CDA /* Assets.xcassets */,
				B67E4C641CC9C51500B04CDA /* LaunchScreen.storyboard */,
				B67E4C671CC9C51500B04CDA /* Info.plist */,
			);
			path = GlitchLabel;
			sourceTree = "<group>";
		};
		B67E4C6D1CC9C52F00B04CDA /* GlitchLabel */ = {
			isa = PBXGroup;
			children = (
				B64C3BE71CD0849100D91D98 /* GlitchLabel.swift */,
			);
			name = GlitchLabel;
			sourceTree = "<group>";
		};
/* End PBXGroup section */

/* Begin PBXNativeTarget section */
		B67E4C571CC9C51500B04CDA /* GlitchLabel */ = {
			isa = PBXNativeTarget;
			buildConfigurationList = B67E4C6A1CC9C51500B04CDA /* Build configuration list for PBXNativeTarget "GlitchLabel" */;
			buildPhases = (
				B67E4C541CC9C51500B04CDA /* Sources */,
				B67E4C551CC9C51500B04CDA /* Frameworks */,
				B67E4C561CC9C51500B04CDA /* Resources */,
			);
			buildRules = (
			);
			dependencies = (
			);
			name = GlitchLabel;
			productName = GlitchLabel;
			productReference = B67E4C581CC9C51500B04CDA /* GlitchLabel.app */;
			productType = "com.apple.product-type.application";
		};
/* End PBXNativeTarget section */

/* Begin PBXProject section */
		B67E4C501CC9C51500B04CDA /* Project object */ = {
			isa = PBXProject;
			attributes = {
				LastSwiftUpdateCheck = 0730;
				LastUpgradeCheck = 1020;
				ORGANIZATIONNAME = "Lee Sun-Hyoup";
				TargetAttributes = {
					B67E4C571CC9C51500B04CDA = {
						CreatedOnToolsVersion = 7.3;
						DevelopmentTeam = 5RTMJNH82H;
						LastSwiftMigration = 0800;
						ProvisioningStyle = Automatic;
					};
				};
			};
			buildConfigurationList = B67E4C531CC9C51500B04CDA /* Build configuration list for PBXProject "GlitchLabel" */;
			compatibilityVersion = "Xcode 3.2";
			developmentRegion = en;
			hasScannedForEncodings = 0;
			knownRegions = (
				en,
				Base,
			);
			mainGroup = B67E4C4F1CC9C51500B04CDA;
			productRefGroup = B67E4C591CC9C51500B04CDA /* Products */;
			projectDirPath = "";
			projectRoot = "";
			targets = (
				B67E4C571CC9C51500B04CDA /* GlitchLabel */,
			);
		};
/* End PBXProject section */

/* Begin PBXResourcesBuildPhase section */
		B67E4C561CC9C51500B04CDA /* Resources */ = {
			isa = PBXResourcesBuildPhase;
			buildActionMask = 2147483647;
			files = (
				B67E4C661CC9C51500B04CDA /* LaunchScreen.storyboard in Resources */,
				B67E4C631CC9C51500B04CDA /* Assets.xcassets in Resources */,
				B67E4C611CC9C51500B04CDA /* Main.storyboard in Resources */,
			);
			runOnlyForDeploymentPostprocessing = 0;
		};
/* End PBXResourcesBuildPhase section */

/* Begin PBXSourcesBuildPhase section */
		B67E4C541CC9C51500B04CDA /* Sources */ = {
			isa = PBXSourcesBuildPhase;
			buildActionMask = 2147483647;
			files = (
				B67E4C5E1CC9C51500B04CDA /* ViewController.swift in Sources */,
				B67E4C5C1CC9C51500B04CDA /* AppDelegate.swift in Sources */,
				B64C3BE81CD0849100D91D98 /* GlitchLabel.swift in Sources */,
			);
			runOnlyForDeploymentPostprocessing = 0;
		};
/* End PBXSourcesBuildPhase section */

/* Begin PBXVariantGroup section */
		B67E4C5F1CC9C51500B04CDA /* Main.storyboard */ = {
			isa = PBXVariantGroup;
			children = (
				B67E4C601CC9C51500B04CDA /* Base */,
			);
			name = Main.storyboard;
			sourceTree = "<group>";
		};
		B67E4C641CC9C51500B04CDA /* LaunchScreen.storyboard */ = {
			isa = PBXVariantGroup;
			children = (
				B67E4C651CC9C51500B04CDA /* Base */,
			);
			name = LaunchScreen.storyboard;
			sourceTree = "<group>";
		};
/* End PBXVariantGroup section */

/* Begin XCBuildConfiguration section */
		B67E4C681CC9C51500B04CDA /* Debug */ = {
			isa = XCBuildConfiguration;
			buildSettings = {
				ALWAYS_SEARCH_USER_PATHS = NO;
				CLANG_ANALYZER_LOCALIZABILITY_NONLOCALIZED = YES;
				CLANG_ANALYZER_NONNULL = YES;
				CLANG_CXX_LANGUAGE_STANDARD = "gnu++0x";
				CLANG_CXX_LIBRARY = "libc++";
				CLANG_ENABLE_MODULES = YES;
				CLANG_ENABLE_OBJC_ARC = YES;
				CLANG_WARN_BLOCK_CAPTURE_AUTORELEASING = YES;
				CLANG_WARN_BOOL_CONVERSION = YES;
				CLANG_WARN_COMMA = YES;
				CLANG_WARN_CONSTANT_CONVERSION = YES;
				CLANG_WARN_DEPRECATED_OBJC_IMPLEMENTATIONS = YES;
				CLANG_WARN_DIRECT_OBJC_ISA_USAGE = YES_ERROR;
				CLANG_WARN_EMPTY_BODY = YES;
				CLANG_WARN_ENUM_CONVERSION = YES;
				CLANG_WARN_INFINITE_RECURSION = YES;
				CLANG_WARN_INT_CONVERSION = YES;
				CLANG_WARN_NON_LITERAL_NULL_CONVERSION = YES;
				CLANG_WARN_OBJC_IMPLICIT_RETAIN_SELF = YES;
				CLANG_WARN_OBJC_LITERAL_CONVERSION = YES;
				CLANG_WARN_OBJC_ROOT_CLASS = YES_ERROR;
				CLANG_WARN_RANGE_LOOP_ANALYSIS = YES;
				CLANG_WARN_STRICT_PROTOTYPES = YES;
				CLANG_WARN_SUSPICIOUS_MOVE = YES;
				CLANG_WARN_UNREACHABLE_CODE = YES;
				CLANG_WARN__DUPLICATE_METHOD_MATCH = YES;
				"CODE_SIGN_IDENTITY[sdk=iphoneos*]" = "iPhone Developer";
				COPY_PHASE_STRIP = NO;
				DEBUG_INFORMATION_FORMAT = dwarf;
				ENABLE_STRICT_OBJC_MSGSEND = YES;
				ENABLE_TESTABILITY = YES;
				GCC_C_LANGUAGE_STANDARD = gnu99;
				GCC_DYNAMIC_NO_PIC = NO;
				GCC_NO_COMMON_BLOCKS = YES;
				GCC_OPTIMIZATION_LEVEL = 0;
				GCC_PREPROCESSOR_DEFINITIONS = (
					"DEBUG=1",
					"$(inherited)",
				);
				GCC_WARN_64_TO_32_BIT_CONVERSION = YES;
				GCC_WARN_ABOUT_RETURN_TYPE = YES_ERROR;
				GCC_WARN_UNDECLARED_SELECTOR = YES;
				GCC_WARN_UNINITIALIZED_AUTOS = YES_AGGRESSIVE;
				GCC_WARN_UNUSED_FUNCTION = YES;
				GCC_WARN_UNUSED_VARIABLE = YES;
				IPHONEOS_DEPLOYMENT_TARGET = 9.3;
				MTL_ENABLE_DEBUG_INFO = YES;
				ONLY_ACTIVE_ARCH = YES;
				SDKROOT = iphoneos;
				SWIFT_OPTIMIZATION_LEVEL = "-Onone";
			};
			name = Debug;
		};
		B67E4C691CC9C51500B04CDA /* Release */ = {
			isa = XCBuildConfiguration;
			buildSettings = {
				ALWAYS_SEARCH_USER_PATHS = NO;
				CLANG_ANALYZER_LOCALIZABILITY_NONLOCALIZED = YES;
				CLANG_ANALYZER_NONNULL = YES;
				CLANG_CXX_LANGUAGE_STANDARD = "gnu++0x";
				CLANG_CXX_LIBRARY = "libc++";
				CLANG_ENABLE_MODULES = YES;
				CLANG_ENABLE_OBJC_ARC = YES;
				CLANG_WARN_BLOCK_CAPTURE_AUTORELEASING = YES;
				CLANG_WARN_BOOL_CONVERSION = YES;
				CLANG_WARN_COMMA = YES;
				CLANG_WARN_CONSTANT_CONVERSION = YES;
				CLANG_WARN_DEPRECATED_OBJC_IMPLEMENTATIONS = YES;
				CLANG_WARN_DIRECT_OBJC_ISA_USAGE = YES_ERROR;
				CLANG_WARN_EMPTY_BODY = YES;
				CLANG_WARN_ENUM_CONVERSION = YES;
				CLANG_WARN_INFINITE_RECURSION = YES;
				CLANG_WARN_INT_CONVERSION = YES;
				CLANG_WARN_NON_LITERAL_NULL_CONVERSION = YES;
				CLANG_WARN_OBJC_IMPLICIT_RETAIN_SELF = YES;
				CLANG_WARN_OBJC_LITERAL_CONVERSION = YES;
				CLANG_WARN_OBJC_ROOT_CLASS = YES_ERROR;
				CLANG_WARN_RANGE_LOOP_ANALYSIS = YES;
				CLANG_WARN_STRICT_PROTOTYPES = YES;
				CLANG_WARN_SUSPICIOUS_MOVE = YES;
				CLANG_WARN_UNREACHABLE_CODE = YES;
				CLANG_WARN__DUPLICATE_METHOD_MATCH = YES;
				"CODE_SIGN_IDENTITY[sdk=iphoneos*]" = "iPhone Developer";
				COPY_PHASE_STRIP = NO;
				DEBUG_INFORMATION_FORMAT = "dwarf-with-dsym";
				ENABLE_NS_ASSERTIONS = NO;
				ENABLE_STRICT_OBJC_MSGSEND = YES;
				GCC_C_LANGUAGE_STANDARD = gnu99;
				GCC_NO_COMMON_BLOCKS = YES;
				GCC_WARN_64_TO_32_BIT_CONVERSION = YES;
				GCC_WARN_ABOUT_RETURN_TYPE = YES_ERROR;
				GCC_WARN_UNDECLARED_SELECTOR = YES;
				GCC_WARN_UNINITIALIZED_AUTOS = YES_AGGRESSIVE;
				GCC_WARN_UNUSED_FUNCTION = YES;
				GCC_WARN_UNUSED_VARIABLE = YES;
				IPHONEOS_DEPLOYMENT_TARGET = 9.3;
				MTL_ENABLE_DEBUG_INFO = NO;
				SDKROOT = iphoneos;
				SWIFT_OPTIMIZATION_LEVEL = "-Owholemodule";
				VALIDATE_PRODUCT = YES;
			};
			name = Release;
		};
		B67E4C6B1CC9C51500B04CDA /* Debug */ = {
			isa = XCBuildConfiguration;
			buildSettings = {
				ASSETCATALOG_COMPILER_APPICON_NAME = AppIcon;
				CODE_SIGN_IDENTITY = "iPhone Developer";
				CODE_SIGN_STYLE = Automatic;
				DEVELOPMENT_TEAM = 5RTMJNH82H;
				INFOPLIST_FILE = GlitchLabel/Info.plist;
				LD_RUNPATH_SEARCH_PATHS = "$(inherited) @executable_path/Frameworks";
				PRODUCT_BUNDLE_IDENTIFIER = kciter.GlitchLabel;
				PRODUCT_NAME = "$(TARGET_NAME)";
				PROVISIONING_PROFILE = "7325859d-4e0c-4f8b-98aa-73a3c93a95a2";
				PROVISIONING_PROFILE_SPECIFIER = "";
				SWIFT_VERSION = 5.0;
			};
			name = Debug;
		};
		B67E4C6C1CC9C51500B04CDA /* Release */ = {
			isa = XCBuildConfiguration;
			buildSettings = {
				ASSETCATALOG_COMPILER_APPICON_NAME = AppIcon;
				CODE_SIGN_IDENTITY = "iPhone Developer";
				CODE_SIGN_STYLE = Automatic;
				DEVELOPMENT_TEAM = 5RTMJNH82H;
				INFOPLIST_FILE = GlitchLabel/Info.plist;
				LD_RUNPATH_SEARCH_PATHS = "$(inherited) @executable_path/Frameworks";
				PRODUCT_BUNDLE_IDENTIFIER = kciter.GlitchLabel;
				PRODUCT_NAME = "$(TARGET_NAME)";
				PROVISIONING_PROFILE = "7325859d-4e0c-4f8b-98aa-73a3c93a95a2";
				PROVISIONING_PROFILE_SPECIFIER = "";
				SWIFT_VERSION = 5.0;
			};
			name = Release;
		};
/* End XCBuildConfiguration section */

/* Begin XCConfigurationList section */
		B67E4C531CC9C51500B04CDA /* Build configuration list for PBXProject "GlitchLabel" */ = {
			isa = XCConfigurationList;
			buildConfigurations = (
				B67E4C681CC9C51500B04CDA /* Debug */,
				B67E4C691CC9C51500B04CDA /* Release */,
			);
			defaultConfigurationIsVisible = 0;
			defaultConfigurationName = Release;
		};
		B67E4C6A1CC9C51500B04CDA /* Build configuration list for PBXNativeTarget "GlitchLabel" */ = {
			isa = XCConfigurationList;
			buildConfigurations = (
				B67E4C6B1CC9C51500B04CDA /* Debug */,
				B67E4C6C1CC9C51500B04CDA /* Release */,
			);
			defaultConfigurationIsVisible = 0;
			defaultConfigurationName = Release;
		};
/* End XCConfigurationList section */
	};
	rootObject = B67E4C501CC9C51500B04CDA /* Project object */;
}
